// !$*UTF8*$!
{
	archiveVersion = 1;
	classes = {
	};
	objectVersion = 50;
	objects = {

/* Begin PBXBuildFile section */
		C0145F14275FA69D0028076E /* AppDelegate.swift in Sources */ = {isa = PBXBuildFile; fileRef = C0145F13275FA69D0028076E /* AppDelegate.swift */; };
		C0145F16275FA69D0028076E /* SceneDelegate.swift in Sources */ = {isa = PBXBuildFile; fileRef = C0145F15275FA69D0028076E /* SceneDelegate.swift */; };
		C0145F18275FA69D0028076E /* ViewController.swift in Sources */ = {isa = PBXBuildFile; fileRef = C0145F17275FA69D0028076E /* ViewController.swift */; };
		C0145F1B275FA69D0028076E /* Main.storyboard in Resources */ = {isa = PBXBuildFile; fileRef = C0145F19275FA69D0028076E /* Main.storyboard */; };
		C0145F1D275FA69E0028076E /* Assets.xcassets in Resources */ = {isa = PBXBuildFile; fileRef = C0145F1C275FA69E0028076E /* Assets.xcassets */; };
		C0145F20275FA69E0028076E /* LaunchScreen.storyboard in Resources */ = {isa = PBXBuildFile; fileRef = C0145F1E275FA69E0028076E /* LaunchScreen.storyboard */; };
		C0145F2B275FA69F0028076E /* DispathGroupTests.swift in Sources */ = {isa = PBXBuildFile; fileRef = C0145F2A275FA69F0028076E /* DispathGroupTests.swift */; };
		C0145F36275FA69F0028076E /* DispathGroupUITests.swift in Sources */ = {isa = PBXBuildFile; fileRef = C0145F35275FA69F0028076E /* DispathGroupUITests.swift */; };
/* End PBXBuildFile section */

/* Begin PBXContainerItemProxy section */
		C0145F27275FA69F0028076E /* PBXContainerItemProxy */ = {
			isa = PBXContainerItemProxy;
			containerPortal = C0145F08275FA69D0028076E /* Project object */;
			proxyType = 1;
			remoteGlobalIDString = C0145F0F275FA69D0028076E;
			remoteInfo = DispathGroup;
		};
		C0145F32275FA69F0028076E /* PBXContainerItemProxy */ = {
			isa = PBXContainerItemProxy;
			containerPortal = C0145F08275FA69D0028076E /* Project object */;
			proxyType = 1;
			remoteGlobalIDString = C0145F0F275FA69D0028076E;
			remoteInfo = DispathGroup;
		};
/* End PBXContainerItemProxy section */

/* Begin PBXFileReference section */
		C0145F10275FA69D0028076E /* DispathGroup.app */ = {isa = PBXFileReference; explicitFileType = wrapper.application; includeInIndex = 0; path = DispathGroup.app; sourceTree = BUILT_PRODUCTS_DIR; };
		C0145F13275FA69D0028076E /* AppDelegate.swift */ = {isa = PBXFileReference; lastKnownFileType = sourcecode.swift; path = AppDelegate.swift; sourceTree = "<group>"; };
		C0145F15275FA69D0028076E /* SceneDelegate.swift */ = {isa = PBXFileReference; lastKnownFileType = sourcecode.swift; path = SceneDelegate.swift; sourceTree = "<group>"; };
		C0145F17275FA69D0028076E /* ViewController.swift */ = {isa = PBXFileReference; lastKnownFileType = sourcecode.swift; path = ViewController.swift; sourceTree = "<group>"; };
		C0145F1A275FA69D0028076E /* Base */ = {isa = PBXFileReference; lastKnownFileType = file.storyboard; name = Base; path = Base.lproj/Main.storyboard; sourceTree = "<group>"; };
		C0145F1C275FA69E0028076E /* Assets.xcassets */ = {isa = PBXFileReference; lastKnownFileType = folder.assetcatalog; path = Assets.xcassets; sourceTree = "<group>"; };
		C0145F1F275FA69E0028076E /* Base */ = {isa = PBXFileReference; lastKnownFileType = file.storyboard; name = Base; path = Base.lproj/LaunchScreen.storyboard; sourceTree = "<group>"; };
		C0145F21275FA69E0028076E /* Info.plist */ = {isa = PBXFileReference; lastKnownFileType = text.plist.xml; path = Info.plist; sourceTree = "<group>"; };
		C0145F26275FA69F0028076E /* DispathGroupTests.xctest */ = {isa = PBXFileReference; explicitFileType = wrapper.cfbundle; includeInIndex = 0; path = DispathGroupTests.xctest; sourceTree = BUILT_PRODUCTS_DIR; };
		C0145F2A275FA69F0028076E /* DispathGroupTests.swift */ = {isa = PBXFileReference; lastKnownFileType = sourcecode.swift; path = DispathGroupTests.swift; sourceTree = "<group>"; };
		C0145F2C275FA69F0028076E /* Info.plist */ = {isa = PBXFileReference; lastKnownFileType = text.plist.xml; path = Info.plist; sourceTree = "<group>"; };
		C0145F31275FA69F0028076E /* DispathGroupUITests.xctest */ = {isa = PBXFileReference; explicitFileType = wrapper.cfbundle; includeInIndex = 0; path = DispathGroupUITests.xctest; sourceTree = BUILT_PRODUCTS_DIR; };
		C0145F35275FA69F0028076E /* DispathGroupUITests.swift */ = {isa = PBXFileReference; lastKnownFileType = sourcecode.swift; path = DispathGroupUITests.swift; sourceTree = "<group>"; };
		C0145F37275FA69F0028076E /* Info.plist */ = {isa = PBXFileReference; lastKnownFileType = text.plist.xml; path = Info.plist; sourceTree = "<group>"; };
/* End PBXFileReference section */

/* Begin PBXFrameworksBuildPhase section */
		C0145F0D275FA69D0028076E /* Frameworks */ = {
			isa = PBXFrameworksBuildPhase;
			buildActionMask = 2147483647;
			files = (
			);
			runOnlyForDeploymentPostprocessing = 0;
		};
		C0145F23275FA69F0028076E /* Frameworks */ = {
			isa = PBXFrameworksBuildPhase;
			buildActionMask = 2147483647;
			files = (
			);
			runOnlyForDeploymentPostprocessing = 0;
		};
		C0145F2E275FA69F0028076E /* Frameworks */ = {
			isa = PBXFrameworksBuildPhase;
			buildActionMask = 2147483647;
			files = (
			);
			runOnlyForDeploymentPostprocessing = 0;
		};
/* End PBXFrameworksBuildPhase section */

/* Begin PBXGroup section */
		C0145F07275FA69D0028076E = {
			isa = PBXGroup;
			children = (
				C0145F12275FA69D0028076E /* DispathGroup */,
				C0145F29275FA69F0028076E /* DispathGroupTests */,
				C0145F34275FA69F0028076E /* DispathGroupUITests */,
				C0145F11275FA69D0028076E /* Products */,
			);
			sourceTree = "<group>";
		};
		C0145F11275FA69D0028076E /* Products */ = {
			isa = PBXGroup;
			children = (
				C0145F10275FA69D0028076E /* DispathGroup.app */,
				C0145F26275FA69F0028076E /* DispathGroupTests.xctest */,
				C0145F31275FA69F0028076E /* DispathGroupUITests.xctest */,
			);
			name = Products;
			sourceTree = "<group>";
		};
		C0145F12275FA69D0028076E /* DispathGroup */ = {
			isa = PBXGroup;
			children = (
				C0145F13275FA69D0028076E /* AppDelegate.swift */,
				C0145F15275FA69D0028076E /* SceneDelegate.swift */,
				C0145F17275FA69D0028076E /* ViewController.swift */,
				C0145F19275FA69D0028076E /* Main.storyboard */,
				C0145F1C275FA69E0028076E /* Assets.xcassets */,
				C0145F1E275FA69E0028076E /* LaunchScreen.storyboard */,
				C0145F21275FA69E0028076E /* Info.plist */,
			);
			path = DispathGroup;
			sourceTree = "<group>";
		};
		C0145F29275FA69F0028076E /* DispathGroupTests */ = {
			isa = PBXGroup;
			children = (
				C0145F2A275FA69F0028076E /* DispathGroupTests.swift */,
				C0145F2C275FA69F0028076E /* Info.plist */,
			);
			path = DispathGroupTests;
			sourceTree = "<group>";
		};
		C0145F34275FA69F0028076E /* DispathGroupUITests */ = {
			isa = PBXGroup;
			children = (
				C0145F35275FA69F0028076E /* DispathGroupUITests.swift */,
				C0145F37275FA69F0028076E /* Info.plist */,
			);
			path = DispathGroupUITests;
			sourceTree = "<group>";
		};
/* End PBXGroup section */

/* Begin PBXNativeTarget section */
		C0145F0F275FA69D0028076E /* DispathGroup */ = {
			isa = PBXNativeTarget;
			buildConfigurationList = C0145F3A275FA69F0028076E /* Build configuration list for PBXNativeTarget "DispathGroup" */;
			buildPhases = (
				C0145F0C275FA69D0028076E /* Sources */,
				C0145F0D275FA69D0028076E /* Frameworks */,
				C0145F0E275FA69D0028076E /* Resources */,
			);
			buildRules = (
			);
			dependencies = (
			);
			name = DispathGroup;
			productName = DispathGroup;
			productReference = C0145F10275FA69D0028076E /* DispathGroup.app */;
			productType = "com.apple.product-type.application";
		};
		C0145F25275FA69F0028076E /* DispathGroupTests */ = {
			isa = PBXNativeTarget;
			buildConfigurationList = C0145F3D275FA69F0028076E /* Build configuration list for PBXNativeTarget "DispathGroupTests" */;
			buildPhases = (
				C0145F22275FA69F0028076E /* Sources */,
				C0145F23275FA69F0028076E /* Frameworks */,
				C0145F24275FA69F0028076E /* Resources */,
			);
			buildRules = (
			);
			dependencies = (
				C0145F28275FA69F0028076E /* PBXTargetDependency */,
			);
			name = DispathGroupTests;
			productName = DispathGroupTests;
			productReference = C0145F26275FA69F0028076E /* DispathGroupTests.xctest */;
			productType = "com.apple.product-type.bundle.unit-test";
		};
		C0145F30275FA69F0028076E /* DispathGroupUITests */ = {
			isa = PBXNativeTarget;
			buildConfigurationList = C0145F40275FA69F0028076E /* Build configuration list for PBXNativeTarget "DispathGroupUITests" */;
			buildPhases = (
				C0145F2D275FA69F0028076E /* Sources */,
				C0145F2E275FA69F0028076E /* Frameworks */,
				C0145F2F275FA69F0028076E /* Resources */,
			);
			buildRules = (
			);
			dependencies = (
				C0145F33275FA69F0028076E /* PBXTargetDependency */,
			);
			name = DispathGroupUITests;
			productName = DispathGroupUITests;
			productReference = C0145F31275FA69F0028076E /* DispathGroupUITests.xctest */;
			productType = "com.apple.product-type.bundle.ui-testing";
		};
/* End PBXNativeTarget section */

/* Begin PBXProject section */
		C0145F08275FA69D0028076E /* Project object */ = {
			isa = PBXProject;
			attributes = {
				LastSwiftUpdateCheck = 1250;
				LastUpgradeCheck = 1250;
				TargetAttributes = {
					C0145F0F275FA69D0028076E = {
						CreatedOnToolsVersion = 12.5;
					};
					C0145F25275FA69F0028076E = {
						CreatedOnToolsVersion = 12.5;
						TestTargetID = C0145F0F275FA69D0028076E;
					};
					C0145F30275FA69F0028076E = {
						CreatedOnToolsVersion = 12.5;
						TestTargetID = C0145F0F275FA69D0028076E;
					};
				};
			};
			buildConfigurationList = C0145F0B275FA69D0028076E /* Build configuration list for PBXProject "DispathGroup" */;
			compatibilityVersion = "Xcode 9.3";
			developmentRegion = en;
			hasScannedForEncodings = 0;
			knownRegions = (
				en,
				Base,
			);
			mainGroup = C0145F07275FA69D0028076E;
			productRefGroup = C0145F11275FA69D0028076E /* Products */;
			projectDirPath = "";
			projectRoot = "";
			targets = (
				C0145F0F275FA69D0028076E /* DispathGroup */,
				C0145F25275FA69F0028076E /* DispathGroupTests */,
				C0145F30275FA69F0028076E /* DispathGroupUITests */,
			);
		};
/* End PBXProject section */

/* Begin PBXResourcesBuildPhase section */
		C0145F0E275FA69D0028076E /* Resources */ = {
			isa = PBXResourcesBuildPhase;
			buildActionMask = 2147483647;
			files = (
				C0145F20275FA69E0028076E /* LaunchScreen.storyboard in Resources */,
				C0145F1D275FA69E0028076E /* Assets.xcassets in Resources */,
				C0145F1B275FA69D0028076E /* Main.storyboard in Resources */,
			);
			runOnlyForDeploymentPostprocessing = 0;
		};
		C0145F24275FA69F0028076E /* Resources */ = {
			isa = PBXResourcesBuildPhase;
			buildActionMask = 2147483647;
			files = (
			);
			runOnlyForDeploymentPostprocessing = 0;
		};
		C0145F2F275FA69F0028076E /* Resources */ = {
			isa = PBXResourcesBuildPhase;
			buildActionMask = 2147483647;
			files = (
			);
			runOnlyForDeploymentPostprocessing = 0;
		};
/* End PBXResourcesBuildPhase section */

/* Begin PBXSourcesBuildPhase section */
		C0145F0C275FA69D0028076E /* Sources */ = {
			isa = PBXSourcesBuildPhase;
			buildActionMask = 2147483647;
			files = (
				C0145F18275FA69D0028076E /* ViewController.swift in Sources */,
				C0145F14275FA69D0028076E /* AppDelegate.swift in Sources */,
				C0145F16275FA69D0028076E /* SceneDelegate.swift in Sources */,
			);
			runOnlyForDeploymentPostprocessing = 0;
		};
		C0145F22275FA69F0028076E /* Sources */ = {
			isa = PBXSourcesBuildPhase;
			buildActionMask = 2147483647;
			files = (
				C0145F2B275FA69F0028076E /* DispathGroupTests.swift in Sources */,
			);
			runOnlyForDeploymentPostprocessing = 0;
		};
		C0145F2D275FA69F0028076E /* Sources */ = {
			isa = PBXSourcesBuildPhase;
			buildActionMask = 2147483647;
			files = (
				C0145F36275FA69F0028076E /* DispathGroupUITests.swift in Sources */,
			);
			runOnlyForDeploymentPostprocessing = 0;
		};
/* End PBXSourcesBuildPhase section */

/* Begin PBXTargetDependency section */
		C0145F28275FA69F0028076E /* PBXTargetDependency */ = {
			isa = PBXTargetDependency;
			target = C0145F0F275FA69D0028076E /* DispathGroup */;
			targetProxy = C0145F27275FA69F0028076E /* PBXContainerItemProxy */;
		};
		C0145F33275FA69F0028076E /* PBXTargetDependency */ = {
			isa = PBXTargetDependency;
			target = C0145F0F275FA69D0028076E /* DispathGroup */;
			targetProxy = C0145F32275FA69F0028076E /* PBXContainerItemProxy */;
		};
/* End PBXTargetDependency section */

/* Begin PBXVariantGroup section */
		C0145F19275FA69D0028076E /* Main.storyboard */ = {
			isa = PBXVariantGroup;
			children = (
				C0145F1A275FA69D0028076E /* Base */,
			);
			name = Main.storyboard;
			sourceTree = "<group>";
		};
		C0145F1E275FA69E0028076E /* LaunchScreen.storyboard */ = {
			isa = PBXVariantGroup;
			children = (
				C0145F1F275FA69E0028076E /* Base */,
			);
			name = LaunchScreen.storyboard;
			sourceTree = "<group>";
		};
/* End PBXVariantGroup section */

/* Begin XCBuildConfiguration section */
		C0145F38275FA69F0028076E /* Debug */ = {
			isa = XCBuildConfiguration;
			buildSettings = {
				ALWAYS_SEARCH_USER_PATHS = NO;
				CLANG_ANALYZER_NONNULL = YES;
				CLANG_ANALYZER_NUMBER_OBJECT_CONVERSION = YES_AGGRESSIVE;
				CLANG_CXX_LANGUAGE_STANDARD = "gnu++14";
				CLANG_CXX_LIBRARY = "libc++";
				CLANG_ENABLE_MODULES = YES;
				CLANG_ENABLE_OBJC_ARC = YES;
				CLANG_ENABLE_OBJC_WEAK = YES;
				CLANG_WARN_BLOCK_CAPTURE_AUTORELEASING = YES;
				CLANG_WARN_BOOL_CONVERSION = YES;
				CLANG_WARN_COMMA = YES;
				CLANG_WARN_CONSTANT_CONVERSION = YES;
				CLANG_WARN_DEPRECATED_OBJC_IMPLEMENTATIONS = YES;
				CLANG_WARN_DIRECT_OBJC_ISA_USAGE = YES_ERROR;
				CLANG_WARN_DOCUMENTATION_COMMENTS = YES;
				CLANG_WARN_EMPTY_BODY = YES;
				CLANG_WARN_ENUM_CONVERSION = YES;
				CLANG_WARN_INFINITE_RECURSION = YES;
				CLANG_WARN_INT_CONVERSION = YES;
				CLANG_WARN_NON_LITERAL_NULL_CONVERSION = YES;
				CLANG_WARN_OBJC_IMPLICIT_RETAIN_SELF = YES;
				CLANG_WARN_OBJC_LITERAL_CONVERSION = YES;
				CLANG_WARN_OBJC_ROOT_CLASS = YES_ERROR;
				CLANG_WARN_QUOTED_INCLUDE_IN_FRAMEWORK_HEADER = YES;
				CLANG_WARN_RANGE_LOOP_ANALYSIS = YES;
				CLANG_WARN_STRICT_PROTOTYPES = YES;
				CLANG_WARN_SUSPICIOUS_MOVE = YES;
				CLANG_WARN_UNGUARDED_AVAILABILITY = YES_AGGRESSIVE;
				CLANG_WARN_UNREACHABLE_CODE = YES;
				CLANG_WARN__DUPLICATE_METHOD_MATCH = YES;
				COPY_PHASE_STRIP = NO;
				DEBUG_INFORMATION_FORMAT = dwarf;
				ENABLE_STRICT_OBJC_MSGSEND = YES;
				ENABLE_TESTABILITY = YES;
				GCC_C_LANGUAGE_STANDARD = gnu11;
				GCC_DYNAMIC_NO_PIC = NO;
				GCC_NO_COMMON_BLOCKS = YES;
				GCC_OPTIMIZATION_LEVEL = 0;
				GCC_PREPROCESSOR_DEFINITIONS = (
					"DEBUG=1",
					"$(inherited)",
				);
				GCC_WARN_64_TO_32_BIT_CONVERSION = YES;
				GCC_WARN_ABOUT_RETURN_TYPE = YES_ERROR;
				GCC_WARN_UNDECLARED_SELECTOR = YES;
				GCC_WARN_UNINITIALIZED_AUTOS = YES_AGGRESSIVE;
				GCC_WARN_UNUSED_FUNCTION = YES;
				GCC_WARN_UNUSED_VARIABLE = YES;
				IPHONEOS_DEPLOYMENT_TARGET = 14.5;
				MTL_ENABLE_DEBUG_INFO = INCLUDE_SOURCE;
				MTL_FAST_MATH = YES;
				ONLY_ACTIVE_ARCH = YES;
				SDKROOT = iphoneos;
				SWIFT_ACTIVE_COMPILATION_CONDITIONS = DEBUG;
				SWIFT_OPTIMIZATION_LEVEL = "-Onone";
			};
			name = Debug;
		};
		C0145F39275FA69F0028076E /* Release */ = {
			isa = XCBuildConfiguration;
			buildSettings = {
				ALWAYS_SEARCH_USER_PATHS = NO;
				CLANG_ANALYZER_NONNULL = YES;
				CLANG_ANALYZER_NUMBER_OBJECT_CONVERSION = YES_AGGRESSIVE;
				CLANG_CXX_LANGUAGE_STANDARD = "gnu++14";
				CLANG_CXX_LIBRARY = "libc++";
				CLANG_ENABLE_MODULES = YES;
				CLANG_ENABLE_OBJC_ARC = YES;
				CLANG_ENABLE_OBJC_WEAK = YES;
				CLANG_WARN_BLOCK_CAPTURE_AUTORELEASING = YES;
				CLANG_WARN_BOOL_CONVERSION = YES;
				CLANG_WARN_COMMA = YES;
				CLANG_WARN_CONSTANT_CONVERSION = YES;
				CLANG_WARN_DEPRECATED_OBJC_IMPLEMENTATIONS = YES;
				CLANG_WARN_DIRECT_OBJC_ISA_USAGE = YES_ERROR;
				CLANG_WARN_DOCUMENTATION_COMMENTS = YES;
				CLANG_WARN_EMPTY_BODY = YES;
				CLANG_WARN_ENUM_CONVERSION = YES;
				CLANG_WARN_INFINITE_RECURSION = YES;
				CLANG_WARN_INT_CONVERSION = YES;
				CLANG_WARN_NON_LITERAL_NULL_CONVERSION = YES;
				CLANG_WARN_OBJC_IMPLICIT_RETAIN_SELF = YES;
				CLANG_WARN_OBJC_LITERAL_CONVERSION = YES;
				CLANG_WARN_OBJC_ROOT_CLASS = YES_ERROR;
				CLANG_WARN_QUOTED_INCLUDE_IN_FRAMEWORK_HEADER = YES;
				CLANG_WARN_RANGE_LOOP_ANALYSIS = YES;
				CLANG_WARN_STRICT_PROTOTYPES = YES;
				CLANG_WARN_SUSPICIOUS_MOVE = YES;
				CLANG_WARN_UNGUARDED_AVAILABILITY = YES_AGGRESSIVE;
				CLANG_WARN_UNREACHABLE_CODE = YES;
				CLANG_WARN__DUPLICATE_METHOD_MATCH = YES;
				COPY_PHASE_STRIP = NO;
				DEBUG_INFORMATION_FORMAT = "dwarf-with-dsym";
				ENABLE_NS_ASSERTIONS = NO;
				ENABLE_STRICT_OBJC_MSGSEND = YES;
				GCC_C_LANGUAGE_STANDARD = gnu11;
				GCC_NO_COMMON_BLOCKS = YES;
				GCC_WARN_64_TO_32_BIT_CONVERSION = YES;
				GCC_WARN_ABOUT_RETURN_TYPE = YES_ERROR;
				GCC_WARN_UNDECLARED_SELECTOR = YES;
				GCC_WARN_UNINITIALIZED_AUTOS = YES_AGGRESSIVE;
				GCC_WARN_UNUSED_FUNCTION = YES;
				GCC_WARN_UNUSED_VARIABLE = YES;
				IPHONEOS_DEPLOYMENT_TARGET = 14.5;
				MTL_ENABLE_DEBUG_INFO = NO;
				MTL_FAST_MATH = YES;
				SDKROOT = iphoneos;
				SWIFT_COMPILATION_MODE = wholemodule;
				SWIFT_OPTIMIZATION_LEVEL = "-O";
				VALIDATE_PRODUCT = YES;
			};
			name = Release;
		};
		C0145F3B275FA69F0028076E /* Debug */ = {
			isa = XCBuildConfiguration;
			buildSettings = {
				ASSETCATALOG_COMPILER_APPICON_NAME = AppIcon;
				ASSETCATALOG_COMPILER_GLOBAL_ACCENT_COLOR_NAME = AccentColor;
				CODE_SIGN_STYLE = Automatic;
				DEVELOPMENT_TEAM = DNTJZJWJQC;
				INFOPLIST_FILE = DispathGroup/Info.plist;
				LD_RUNPATH_SEARCH_PATHS = (
					"$(inherited)",
					"@executable_path/Frameworks",
				);
				PRODUCT_BUNDLE_IDENTIFIER = com.mukesh.DispathGroup;
				PRODUCT_NAME = "$(TARGET_NAME)";
				SWIFT_VERSION = 5.0;
				TARGETED_DEVICE_FAMILY = "1,2";
			};
			name = Debug;
		};
		C0145F3C275FA69F0028076E /* Release */ = {
			isa = XCBuildConfiguration;
			buildSettings = {
				ASSETCATALOG_COMPILER_APPICON_NAME = AppIcon;
				ASSETCATALOG_COMPILER_GLOBAL_ACCENT_COLOR_NAME = AccentColor;
				CODE_SIGN_STYLE = Automatic;
				DEVELOPMENT_TEAM = DNTJZJWJQC;
				INFOPLIST_FILE = DispathGroup/Info.plist;
				LD_RUNPATH_SEARCH_PATHS = (
					"$(inherited)",
					"@executable_path/Frameworks",
				);
				PRODUCT_BUNDLE_IDENTIFIER = com.mukesh.DispathGroup;
				PRODUCT_NAME = "$(TARGET_NAME)";
				SWIFT_VERSION = 5.0;
				TARGETED_DEVICE_FAMILY = "1,2";
			};
			name = Release;
		};
		C0145F3E275FA69F0028076E /* Debug */ = {
			isa = XCBuildConfiguration;
			buildSettings = {
				ALWAYS_EMBED_SWIFT_STANDARD_LIBRARIES = YES;
				BUNDLE_LOADER = "$(TEST_HOST)";
				CODE_SIGN_STYLE = Automatic;
				DEVELOPMENT_TEAM = DNTJZJWJQC;
				INFOPLIST_FILE = DispathGroupTests/Info.plist;
				IPHONEOS_DEPLOYMENT_TARGET = 14.5;
				LD_RUNPATH_SEARCH_PATHS = (
					"$(inherited)",
					"@executable_path/Frameworks",
					"@loader_path/Frameworks",
				);
				PRODUCT_BUNDLE_IDENTIFIER = com.mukesh.DispathGroupTests;
				PRODUCT_NAME = "$(TARGET_NAME)";
				SWIFT_VERSION = 5.0;
				TARGETED_DEVICE_FAMILY = "1,2";
				TEST_HOST = "$(BUILT_PRODUCTS_DIR)/DispathGroup.app/DispathGroup";
			};
			name = Debug;
		};
		C0145F3F275FA69F0028076E /* Release */ = {
			isa = XCBuildConfiguration;
			buildSettings = {
				ALWAYS_EMBED_SWIFT_STANDARD_LIBRARIES = YES;
				BUNDLE_LOADER = "$(TEST_HOST)";
				CODE_SIGN_STYLE = Automatic;
				DEVELOPMENT_TEAM = DNTJZJWJQC;
				INFOPLIST_FILE = DispathGroupTests/Info.plist;
				IPHONEOS_DEPLOYMENT_TARGET = 14.5;
				LD_RUNPATH_SEARCH_PATHS = (
					"$(inherited)",
					"@executable_path/Frameworks",
					"@loader_path/Frameworks",
				);
				PRODUCT_BUNDLE_IDENTIFIER = com.mukesh.DispathGroupTests;
				PRODUCT_NAME = "$(TARGET_NAME)";
				SWIFT_VERSION = 5.0;
				TARGETED_DEVICE_FAMILY = "1,2";
				TEST_HOST = "$(BUILT_PRODUCTS_DIR)/DispathGroup.app/DispathGroup";
			};
			name = Release;
		};
		C0145F41275FA69F0028076E /* Debug */ = {
			isa = XCBuildConfiguration;
			buildSettings = {
				ALWAYS_EMBED_SWIFT_STANDARD_LIBRARIES = YES;
				CODE_SIGN_STYLE = Automatic;
				DEVELOPMENT_TEAM = DNTJZJWJQC;
				INFOPLIST_FILE = DispathGroupUITests/Info.plist;
				LD_RUNPATH_SEARCH_PATHS = (
					"$(inherited)",
					"@executable_path/Frameworks",
					"@loader_path/Frameworks",
				);
				PRODUCT_BUNDLE_IDENTIFIER = com.mukesh.DispathGroupUITests;
				PRODUCT_NAME = "$(TARGET_NAME)";
				SWIFT_VERSION = 5.0;
				TARGETED_DEVICE_FAMILY = "1,2";
				TEST_TARGET_NAME = DispathGroup;
			};
			name = Debug;
		};
		C0145F42275FA69F0028076E /* Release */ = {
			isa = XCBuildConfiguration;
			buildSettings = {
				ALWAYS_EMBED_SWIFT_STANDARD_LIBRARIES = YES;
				CODE_SIGN_STYLE = Automatic;
				DEVELOPMENT_TEAM = DNTJZJWJQC;
				INFOPLIST_FILE = DispathGroupUITests/Info.plist;
				LD_RUNPATH_SEARCH_PATHS = (
					"$(inherited)",
					"@executable_path/Frameworks",
					"@loader_path/Frameworks",
				);
				PRODUCT_BUNDLE_IDENTIFIER = com.mukesh.DispathGroupUITests;
				PRODUCT_NAME = "$(TARGET_NAME)";
				SWIFT_VERSION = 5.0;
				TARGETED_DEVICE_FAMILY = "1,2";
				TEST_TARGET_NAME = DispathGroup;
			};
			name = Release;
		};
/* End XCBuildConfiguration section */

/* Begin XCConfigurationList section */
		C0145F0B275FA69D0028076E /* Build configuration list for PBXProject "DispathGroup" */ = {
			isa = XCConfigurationList;
			buildConfigurations = (
				C0145F38275FA69F0028076E /* Debug */,
				C0145F39275FA69F0028076E /* Release */,
			);
			defaultConfigurationIsVisible = 0;
			defaultConfigurationName = Release;
		};
		C0145F3A275FA69F0028076E /* Build configuration list for PBXNativeTarget "DispathGroup" */ = {
			isa = XCConfigurationList;
			buildConfigurations = (
				C0145F3B275FA69F0028076E /* Debug */,
				C0145F3C275FA69F0028076E /* Release */,
			);
			defaultConfigurationIsVisible = 0;
			defaultConfigurationName = Release;
		};
		C0145F3D275FA69F0028076E /* Build configuration list for PBXNativeTarget "DispathGroupTests" */ = {
			isa = XCConfigurationList;
			buildConfigurations = (
				C0145F3E275FA69F0028076E /* Debug */,
				C0145F3F275FA69F0028076E /* Release */,
			);
			defaultConfigurationIsVisible = 0;
			defaultConfigurationName = Release;
		};
		C0145F40275FA69F0028076E /* Build configuration list for PBXNativeTarget "DispathGroupUITests" */ = {
			isa = XCConfigurationList;
			buildConfigurations = (
				C0145F41275FA69F0028076E /* Debug */,
				C0145F42275FA69F0028076E /* Release */,
			);
			defaultConfigurationIsVisible = 0;
			defaultConfigurationName = Release;
		};
/* End XCConfigurationList section */
	};
	rootObject = C0145F08275FA69D0028076E /* Project object */;
}
